// !$*UTF8*$!
{
	archiveVersion = 1;
	classes = {
	};
	objectVersion = 50;
	objects = {

/* Begin PBXBuildFile section */
		5D4A6E5A21F5A95E00A640D7 /* QuestionViewController.swift in Sources */ = {isa = PBXBuildFile; fileRef = 5D4A6E5921F5A95E00A640D7 /* QuestionViewController.swift */; };
		5D4A6E5C21F5A98100A640D7 /* ResultsViewController.swift in Sources */ = {isa = PBXBuildFile; fileRef = 5D4A6E5B21F5A98100A640D7 /* ResultsViewController.swift */; };
		5D4A6E5F21F68E4D00A640D7 /* QuestionData.swift in Sources */ = {isa = PBXBuildFile; fileRef = 5D4A6E5E21F68E4D00A640D7 /* QuestionData.swift */; };
		5DDC348321F1CA27000292EB /* AppDelegate.swift in Sources */ = {isa = PBXBuildFile; fileRef = 5DDC348221F1CA27000292EB /* AppDelegate.swift */; };
		5DDC348521F1CA27000292EB /* IntroductionViewController.swift in Sources */ = {isa = PBXBuildFile; fileRef = 5DDC348421F1CA27000292EB /* IntroductionViewController.swift */; };
		5DDC348821F1CA27000292EB /* Main.storyboard in Resources */ = {isa = PBXBuildFile; fileRef = 5DDC348621F1CA27000292EB /* Main.storyboard */; };
		5DDC348A21F1CA44000292EB /* Assets.xcassets in Resources */ = {isa = PBXBuildFile; fileRef = 5DDC348921F1CA44000292EB /* Assets.xcassets */; };
		5DDC348D21F1CA44000292EB /* LaunchScreen.storyboard in Resources */ = {isa = PBXBuildFile; fileRef = 5DDC348B21F1CA44000292EB /* LaunchScreen.storyboard */; };
/* End PBXBuildFile section */

/* Begin PBXFileReference section */
		5D4A6E5921F5A95E00A640D7 /* QuestionViewController.swift */ = {isa = PBXFileReference; lastKnownFileType = sourcecode.swift; path = QuestionViewController.swift; sourceTree = "<group>"; };
		5D4A6E5B21F5A98100A640D7 /* ResultsViewController.swift */ = {isa = PBXFileReference; lastKnownFileType = sourcecode.swift; path = ResultsViewController.swift; sourceTree = "<group>"; };
		5D4A6E5E21F68E4D00A640D7 /* QuestionData.swift */ = {isa = PBXFileReference; lastKnownFileType = sourcecode.swift; path = QuestionData.swift; sourceTree = "<group>"; };
		5DDC347F21F1CA27000292EB /* PersonalityQuiz.app */ = {isa = PBXFileReference; explicitFileType = wrapper.application; includeInIndex = 0; path = PersonalityQuiz.app; sourceTree = BUILT_PRODUCTS_DIR; };
		5DDC348221F1CA27000292EB /* AppDelegate.swift */ = {isa = PBXFileReference; lastKnownFileType = sourcecode.swift; path = AppDelegate.swift; sourceTree = "<group>"; };
		5DDC348421F1CA27000292EB /* IntroductionViewController.swift */ = {isa = PBXFileReference; lastKnownFileType = sourcecode.swift; path = IntroductionViewController.swift; sourceTree = "<group>"; };
		5DDC348721F1CA27000292EB /* Base */ = {isa = PBXFileReference; lastKnownFileType = file.storyboard; name = Base; path = Base.lproj/Main.storyboard; sourceTree = "<group>"; };
		5DDC348921F1CA44000292EB /* Assets.xcassets */ = {isa = PBXFileReference; lastKnownFileType = folder.assetcatalog; path = Assets.xcassets; sourceTree = "<group>"; };
		5DDC348C21F1CA44000292EB /* Base */ = {isa = PBXFileReference; lastKnownFileType = file.storyboard; name = Base; path = Base.lproj/LaunchScreen.storyboard; sourceTree = "<group>"; };
		5DDC348E21F1CA44000292EB /* Info.plist */ = {isa = PBXFileReference; lastKnownFileType = text.plist.xml; path = Info.plist; sourceTree = "<group>"; };
/* End PBXFileReference section */

/* Begin PBXFrameworksBuildPhase section */
		5DDC347C21F1CA27000292EB /* Frameworks */ = {
			isa = PBXFrameworksBuildPhase;
			buildActionMask = 2147483647;
			files = (
			);
			runOnlyForDeploymentPostprocessing = 0;
		};
/* End PBXFrameworksBuildPhase section */

/* Begin PBXGroup section */
		5D4A6E5D21F68E3600A640D7 /* Model */ = {
			isa = PBXGroup;
			children = (
				5D4A6E5E21F68E4D00A640D7 /* QuestionData.swift */,
			);
			path = Model;
			sourceTree = "<group>";
		};
		5D4A6E6021F698DB00A640D7 /* Controller */ = {
			isa = PBXGroup;
			children = (
				5D4A6E5B21F5A98100A640D7 /* ResultsViewController.swift */,
				5D4A6E5921F5A95E00A640D7 /* QuestionViewController.swift */,
			);
			path = Controller;
			sourceTree = "<group>";
		};
		5DDC347621F1CA26000292EB = {
			isa = PBXGroup;
			children = (
				5DDC348121F1CA27000292EB /* PersonalityQuiz */,
				5DDC348021F1CA27000292EB /* Products */,
			);
			sourceTree = "<group>";
		};
		5DDC348021F1CA27000292EB /* Products */ = {
			isa = PBXGroup;
			children = (
				5DDC347F21F1CA27000292EB /* PersonalityQuiz.app */,
			);
			name = Products;
			sourceTree = "<group>";
		};
		5DDC348121F1CA27000292EB /* PersonalityQuiz */ = {
			isa = PBXGroup;
			children = (
				5D4A6E6021F698DB00A640D7 /* Controller */,
				5D4A6E5D21F68E3600A640D7 /* Model */,
				5DDC348221F1CA27000292EB /* AppDelegate.swift */,
				5DDC348421F1CA27000292EB /* IntroductionViewController.swift */,
				5DDC348621F1CA27000292EB /* Main.storyboard */,
				5DDC348921F1CA44000292EB /* Assets.xcassets */,
				5DDC348B21F1CA44000292EB /* LaunchScreen.storyboard */,
				5DDC348E21F1CA44000292EB /* Info.plist */,
			);
			path = PersonalityQuiz;
			sourceTree = "<group>";
		};
/* End PBXGroup section */

/* Begin PBXNativeTarget section */
		5DDC347E21F1CA27000292EB /* PersonalityQuiz */ = {
			isa = PBXNativeTarget;
			buildConfigurationList = 5DDC349121F1CA44000292EB /* Build configuration list for PBXNativeTarget "PersonalityQuiz" */;
			buildPhases = (
				5DDC347B21F1CA27000292EB /* Sources */,
				5DDC347C21F1CA27000292EB /* Frameworks */,
				5DDC347D21F1CA27000292EB /* Resources */,
			);
			buildRules = (
			);
			dependencies = (
			);
			name = PersonalityQuiz;
			productName = PersonalityQuiz;
			productReference = 5DDC347F21F1CA27000292EB /* PersonalityQuiz.app */;
			productType = "com.apple.product-type.application";
		};
/* End PBXNativeTarget section */

/* Begin PBXProject section */
		5DDC347721F1CA26000292EB /* Project object */ = {
			isa = PBXProject;
			attributes = {
				LastSwiftUpdateCheck = 1000;
				LastUpgradeCheck = 1000;
				ORGANIZATIONNAME = "Hameed Abdullah";
				TargetAttributes = {
					5DDC347E21F1CA27000292EB = {
						CreatedOnToolsVersion = 10.0;
					};
				};
			};
			buildConfigurationList = 5DDC347A21F1CA26000292EB /* Build configuration list for PBXProject "PersonalityQuiz" */;
			compatibilityVersion = "Xcode 9.3";
			developmentRegion = en;
			hasScannedForEncodings = 0;
			knownRegions = (
				en,
				Base,
			);
			mainGroup = 5DDC347621F1CA26000292EB;
			productRefGroup = 5DDC348021F1CA27000292EB /* Products */;
			projectDirPath = "";
			projectRoot = "";
			targets = (
				5DDC347E21F1CA27000292EB /* PersonalityQuiz */,
			);
		};
/* End PBXProject section */

/* Begin PBXResourcesBuildPhase section */
		5DDC347D21F1CA27000292EB /* Resources */ = {
			isa = PBXResourcesBuildPhase;
			buildActionMask = 2147483647;
			files = (
				5DDC348D21F1CA44000292EB /* LaunchScreen.storyboard in Resources */,
				5DDC348A21F1CA44000292EB /* Assets.xcassets in Resources */,
				5DDC348821F1CA27000292EB /* Main.storyboard in Resources */,
			);
			runOnlyForDeploymentPostprocessing = 0;
		};
/* End PBXResourcesBuildPhase section */

/* Begin PBXSourcesBuildPhase section */
		5DDC347B21F1CA27000292EB /* Sources */ = {
			isa = PBXSourcesBuildPhase;
			buildActionMask = 2147483647;
			files = (
				5DDC348521F1CA27000292EB /* IntroductionViewController.swift in Sources */,
				5DDC348321F1CA27000292EB /* AppDelegate.swift in Sources */,
				5D4A6E5F21F68E4D00A640D7 /* QuestionData.swift in Sources */,
				5D4A6E5A21F5A95E00A640D7 /* QuestionViewController.swift in Sources */,
				5D4A6E5C21F5A98100A640D7 /* ResultsViewController.swift in Sources */,
			);
			runOnlyForDeploymentPostprocessing = 0;
		};
/* End PBXSourcesBuildPhase section */

/* Begin PBXVariantGroup section */
		5DDC348621F1CA27000292EB /* Main.storyboard */ = {
			isa = PBXVariantGroup;
			children = (
				5DDC348721F1CA27000292EB /* Base */,
			);
			name = Main.storyboard;
			sourceTree = "<group>";
		};
		5DDC348B21F1CA44000292EB /* LaunchScreen.storyboard */ = {
			isa = PBXVariantGroup;
			children = (
				5DDC348C21F1CA44000292EB /* Base */,
			);
			name = LaunchScreen.storyboard;
			sourceTree = "<group>";
		};
/* End PBXVariantGroup section */

/* Begin XCBuildConfiguration section */
		5DDC348F21F1CA44000292EB /* Debug */ = {
			isa = XCBuildConfiguration;
			buildSettings = {
				ALWAYS_SEARCH_USER_PATHS = NO;
				CLANG_ANALYZER_NONNULL = YES;
				CLANG_ANALYZER_NUMBER_OBJECT_CONVERSION = YES_AGGRESSIVE;
				CLANG_CXX_LANGUAGE_STANDARD = "gnu++14";
				CLANG_CXX_LIBRARY = "libc++";
				CLANG_ENABLE_MODULES = YES;
				CLANG_ENABLE_OBJC_ARC = YES;
				CLANG_ENABLE_OBJC_WEAK = YES;
				CLANG_WARN_BLOCK_CAPTURE_AUTORELEASING = YES;
				CLANG_WARN_BOOL_CONVERSION = YES;
				CLANG_WARN_COMMA = YES;
				CLANG_WARN_CONSTANT_CONVERSION = YES;
				CLANG_WARN_DEPRECATED_OBJC_IMPLEMENTATIONS = YES;
				CLANG_WARN_DIRECT_OBJC_ISA_USAGE = YES_ERROR;
				CLANG_WARN_DOCUMENTATION_COMMENTS = YES;
				CLANG_WARN_EMPTY_BODY = YES;
				CLANG_WARN_ENUM_CONVERSION = YES;
				CLANG_WARN_INFINITE_RECURSION = YES;
				CLANG_WARN_INT_CONVERSION = YES;
				CLANG_WARN_NON_LITERAL_NULL_CONVERSION = YES;
				CLANG_WARN_OBJC_IMPLICIT_RETAIN_SELF = YES;
				CLANG_WARN_OBJC_LITERAL_CONVERSION = YES;
				CLANG_WARN_OBJC_ROOT_CLASS = YES_ERROR;
				CLANG_WARN_RANGE_LOOP_ANALYSIS = YES;
				CLANG_WARN_STRICT_PROTOTYPES = YES;
				CLANG_WARN_SUSPICIOUS_MOVE = YES;
				CLANG_WARN_UNGUARDED_AVAILABILITY = YES_AGGRESSIVE;
				CLANG_WARN_UNREACHABLE_CODE = YES;
				CLANG_WARN__DUPLICATE_METHOD_MATCH = YES;
				CODE_SIGN_IDENTITY = "iPhone Developer";
				COPY_PHASE_STRIP = NO;
				DEBUG_INFORMATION_FORMAT = dwarf;
				ENABLE_STRICT_OBJC_MSGSEND = YES;
				ENABLE_TESTABILITY = YES;
				GCC_C_LANGUAGE_STANDARD = gnu11;
				GCC_DYNAMIC_NO_PIC = NO;
				GCC_NO_COMMON_BLOCKS = YES;
				GCC_OPTIMIZATION_LEVEL = 0;
				GCC_PREPROCESSOR_DEFINITIONS = (
					"DEBUG=1",
					"$(inherited)",
				);
				GCC_WARN_64_TO_32_BIT_CONVERSION = YES;
				GCC_WARN_ABOUT_RETURN_TYPE = YES_ERROR;
				GCC_WARN_UNDECLARED_SELECTOR = YES;
				GCC_WARN_UNINITIALIZED_AUTOS = YES_AGGRESSIVE;
				GCC_WARN_UNUSED_FUNCTION = YES;
				GCC_WARN_UNUSED_VARIABLE = YES;
				IPHONEOS_DEPLOYMENT_TARGET = 12.0;
				MTL_ENABLE_DEBUG_INFO = INCLUDE_SOURCE;
				MTL_FAST_MATH = YES;
				ONLY_ACTIVE_ARCH = YES;
				SDKROOT = iphoneos;
				SWIFT_ACTIVE_COMPILATION_CONDITIONS = DEBUG;
				SWIFT_OPTIMIZATION_LEVEL = "-Onone";
			};
			name = Debug;
		};
		5DDC349021F1CA44000292EB /* Release */ = {
			isa = XCBuildConfiguration;
			buildSettings = {
				ALWAYS_SEARCH_USER_PATHS = NO;
				CLANG_ANALYZER_NONNULL = YES;
				CLANG_ANALYZER_NUMBER_OBJECT_CONVERSION = YES_AGGRESSIVE;
				CLANG_CXX_LANGUAGE_STANDARD = "gnu++14";
				CLANG_CXX_LIBRARY = "libc++";
				CLANG_ENABLE_MODULES = YES;
				CLANG_ENABLE_OBJC_ARC = YES;
				CLANG_ENABLE_OBJC_WEAK = YES;
				CLANG_WARN_BLOCK_CAPTURE_AUTORELEASING = YES;
				CLANG_WARN_BOOL_CONVERSION = YES;
				CLANG_WARN_COMMA = YES;
				CLANG_WARN_CONSTANT_CONVERSION = YES;
				CLANG_WARN_DEPRECATED_OBJC_IMPLEMENTATIONS = YES;
				CLANG_WARN_DIRECT_OBJC_ISA_USAGE = YES_ERROR;
				CLANG_WARN_DOCUMENTATION_COMMENTS = YES;
				CLANG_WARN_EMPTY_BODY = YES;
				CLANG_WARN_ENUM_CONVERSION = YES;
				CLANG_WARN_INFINITE_RECURSION = YES;
				CLANG_WARN_INT_CONVERSION = YES;
				CLANG_WARN_NON_LITERAL_NULL_CONVERSION = YES;
				CLANG_WARN_OBJC_IMPLICIT_RETAIN_SELF = YES;
				CLANG_WARN_OBJC_LITERAL_CONVERSION = YES;
				CLANG_WARN_OBJC_ROOT_CLASS = YES_ERROR;
				CLANG_WARN_RANGE_LOOP_ANALYSIS = YES;
				CLANG_WARN_STRICT_PROTOTYPES = YES;
				CLANG_WARN_SUSPICIOUS_MOVE = YES;
				CLANG_WARN_UNGUARDED_AVAILABILITY = YES_AGGRESSIVE;
				CLANG_WARN_UNREACHABLE_CODE = YES;
				CLANG_WARN__DUPLICATE_METHOD_MATCH = YES;
				CODE_SIGN_IDENTITY = "iPhone Developer";
				COPY_PHASE_STRIP = NO;
				DEBUG_INFORMATION_FORMAT = "dwarf-with-dsym";
				ENABLE_NS_ASSERTIONS = NO;
				ENABLE_STRICT_OBJC_MSGSEND = YES;
				GCC_C_LANGUAGE_STANDARD = gnu11;
				GCC_NO_COMMON_BLOCKS = YES;
				GCC_WARN_64_TO_32_BIT_CONVERSION = YES;
				GCC_WARN_ABOUT_RETURN_TYPE = YES_ERROR;
				GCC_WARN_UNDECLARED_SELECTOR = YES;
				GCC_WARN_UNINITIALIZED_AUTOS = YES_AGGRESSIVE;
				GCC_WARN_UNUSED_FUNCTION = YES;
				GCC_WARN_UNUSED_VARIABLE = YES;
				IPHONEOS_DEPLOYMENT_TARGET = 12.0;
				MTL_ENABLE_DEBUG_INFO = NO;
				MTL_FAST_MATH = YES;
				SDKROOT = iphoneos;
				SWIFT_COMPILATION_MODE = wholemodule;
				SWIFT_OPTIMIZATION_LEVEL = "-O";
				VALIDATE_PRODUCT = YES;
			};
			name = Release;
		};
		5DDC349221F1CA44000292EB /* Debug */ = {
			isa = XCBuildConfiguration;
			buildSettings = {
				ASSETCATALOG_COMPILER_APPICON_NAME = AppIcon;
				CODE_SIGN_STYLE = Automatic;
				DEVELOPMENT_TEAM = RB2U67QS54;
				INFOPLIST_FILE = PersonalityQuiz/Info.plist;
				IPHONEOS_DEPLOYMENT_TARGET = 11.3;
				LD_RUNPATH_SEARCH_PATHS = (
					"$(inherited)",
					"@executable_path/Frameworks",
				);
				PRODUCT_BUNDLE_IDENTIFIER = com.MidoiOS.PersonalityQuiz;
				PRODUCT_NAME = "$(TARGET_NAME)";
				SWIFT_VERSION = 4.2;
				TARGETED_DEVICE_FAMILY = "1,2";
			};
			name = Debug;
		};
		5DDC349321F1CA44000292EB /* Release */ = {
			isa = XCBuildConfiguration;
			buildSettings = {
				ASSETCATALOG_COMPILER_APPICON_NAME = AppIcon;
				CODE_SIGN_STYLE = Automatic;
				DEVELOPMENT_TEAM = RB2U67QS54;
				INFOPLIST_FILE = PersonalityQuiz/Info.plist;
				IPHONEOS_DEPLOYMENT_TARGET = 11.3;
				LD_RUNPATH_SEARCH_PATHS = (
					"$(inherited)",
					"@executable_path/Frameworks",
				);
				PRODUCT_BUNDLE_IDENTIFIER = com.MidoiOS.PersonalityQuiz;
				PRODUCT_NAME = "$(TARGET_NAME)";
				SWIFT_VERSION = 4.2;
				TARGETED_DEVICE_FAMILY = "1,2";
			};
			name = Release;
		};
/* End XCBuildConfiguration section */

/* Begin XCConfigurationList section */
		5DDC347A21F1CA26000292EB /* Build configuration list for PBXProject "PersonalityQuiz" */ = {
			isa = XCConfigurationList;
			buildConfigurations = (
				5DDC348F21F1CA44000292EB /* Debug */,
				5DDC349021F1CA44000292EB /* Release */,
			);
			defaultConfigurationIsVisible = 0;
			defaultConfigurationName = Release;
		};
		5DDC349121F1CA44000292EB /* Build configuration list for PBXNativeTarget "PersonalityQuiz" */ = {
			isa = XCConfigurationList;
			buildConfigurations = (
				5DDC349221F1CA44000292EB /* Debug */,
				5DDC349321F1CA44000292EB /* Release */,
			);
			defaultConfigurationIsVisible = 0;
			defaultConfigurationName = Release;
		};
/* End XCConfigurationList section */
	};
	rootObject = 5DDC347721F1CA26000292EB /* Project object */;
}
